k8s.io/client-go v0.29.4 h1:79ytIedxVfyXV8rpH3jCBW0u+un0fxHDwX5F9K8dPR8=
k8s.io/client-go v0.29.4/go.mod h1:kC1thZQ4zQWYwldsfI088BbK6RkxK+aF5ebV8y9Q4tk=
k8s.io/utils v0.0.0-20240310230437-4693a0247e57 h1:gbqbevonBh57eILzModw6mrkbwM0gQBEuevE/AaBsHY=
k8s.io/utils v0.0.0-20240310230437-4693a0247e57/go.mod h1:OLgZIPagt7ERELqWJFomSt595RzquPNLL48iOWgYOg0=
